
Microsoft Visual Studio Solution File, Format Version 12.00
# Visual Studio Version 17
VisualStudioVersion = 17.11.35222.181
MinimumVisualStudioVersion = 10.0.40219.1
Project("{9A19103F-16F7-4668-BE54-9A1E7A4F7556}") = "KrediHesaplama", "KrediHesaplama\KrediHesaplama.csproj", "{3C1B1AA4-C878-4C30-9368-BA458C5CEA79}"
EndProject
Project("{9A19103F-16F7-4668-BE54-9A1E7A4F7556}") = "KrediWebApplication1", "KrediWebApplication1\KrediWebApplication1.csproj", "{D7E10374-FDCD-4ADA-B788-3BB7A5EB154E}"
	ProjectSection(ProjectDependencies) = postProject
		{3C1B1AA4-C878-4C30-9368-BA458C5CEA79} = {3C1B1AA4-C878-4C30-9368-BA458C5CEA79}
	EndProjectSection
EndProject
Global
	GlobalSection(SolutionConfigurationPlatforms) = preSolution
		Debug|Any CPU = Debug|Any CPU
		Release|Any CPU = Release|Any CPU
	EndGlobalSection
	GlobalSection(ProjectConfigurationPlatforms) = postSolution
		{3C1B1AA4-C878-4C30-9368-BA458C5CEA79}.Debug|Any CPU.ActiveCfg = Debug|Any CPU
		{3C1B1AA4-C878-4C30-9368-BA458C5CEA79}.Debug|Any CPU.Build.0 = Debug|Any CPU
		{3C1B1AA4-C878-4C30-9368-BA458C5CEA79}.Release|Any CPU.ActiveCfg = Release|Any CPU
		{3C1B1AA4-C878-4C30-9368-BA458C5CEA79}.Release|Any CPU.Build.0 = Release|Any CPU
		{D7E10374-FDCD-4ADA-B788-3BB7A5EB154E}.Debug|Any CPU.ActiveCfg = Debug|Any CPU
		{D7E10374-FDCD-4ADA-B788-3BB7A5EB154E}.Debug|Any CPU.Build.0 = Debug|Any CPU
		{D7E10374-FDCD-4ADA-B788-3BB7A5EB154E}.Release|Any CPU.ActiveCfg = Release|Any CPU
		{D7E10374-FDCD-4ADA-B788-3BB7A5EB154E}.Release|Any CPU.Build.0 = Release|Any CPU
	EndGlobalSection
	GlobalSection(SolutionProperties) = preSolution
		HideSolutionNode = FALSE
	EndGlobalSection
	GlobalSection(ExtensibilityGlobals) = postSolution
		SolutionGuid = {FE37ECEA-F750-419C-BDB8-877A8E032AEA}
	EndGlobalSection
EndGlobal
